
Microsoft Visual Studio Solution File, Format Version 12.00
# Visual Studio Version 17
VisualStudioVersion = 17.9.34723.18
MinimumVisualStudioVersion = 10.0.40219.1
Project("{FAE04EC0-301F-11D3-BF4B-00C04F79EFBC}") = "WpfApp1", "WpfApp1\WpfApp1.csproj", "{BEBCA2A8-38BB-45AC-B164-DA32859A3CCA}"
EndProject
Global
	GlobalSection(SolutionConfigurationPlatforms) = preSolution
		Debug|Any CPU = Debug|Any CPU
		Release|Any CPU = Release|Any CPU
	EndGlobalSection
	GlobalSection(ProjectConfigurationPlatforms) = postSolution
		{BEBCA2A8-38BB-45AC-B164-DA32859A3CCA}.Debug|Any CPU.ActiveCfg = Debug|Any CPU
		{BEBCA2A8-38BB-45AC-B164-DA32859A3CCA}.Debug|Any CPU.Build.0 = Debug|Any CPU
		{BEBCA2A8-38BB-45AC-B164-DA32859A3CCA}.Release|Any CPU.ActiveCfg = Release|Any CPU
		{BEBCA2A8-38BB-45AC-B164-DA32859A3CCA}.Release|Any CPU.Build.0 = Release|Any CPU
	EndGlobalSection
	GlobalSection(SolutionProperties) = preSolution
		HideSolutionNode = FALSE
	EndGlobalSection
	GlobalSection(ExtensibilityGlobals) = postSolution
		SolutionGuid = {1FE6ADF6-7599-4C21-8B8B-440CE96C4640}
	EndGlobalSection
EndGlobal
